// !$*UTF8*$!
{
	archiveVersion = 1;
	classes = {
	};
	objectVersion = 77;
	objects = {

/* Begin PBXContainerItemProxy section */
		9236EA442D3F67CE00F9DD10 /* PBXContainerItemProxy */ = {
			isa = PBXContainerItemProxy;
			containerPortal = 9236EA2B2D3F67CC00F9DD10 /* Project object */;
			proxyType = 1;
			remoteGlobalIDString = 9236EA322D3F67CC00F9DD10;
			remoteInfo = Frontend;
		};
		9236EA4E2D3F67CE00F9DD10 /* PBXContainerItemProxy */ = {
			isa = PBXContainerItemProxy;
			containerPortal = 9236EA2B2D3F67CC00F9DD10 /* Project object */;
			proxyType = 1;
			remoteGlobalIDString = 9236EA322D3F67CC00F9DD10;
			remoteInfo = Frontend;
		};
/* End PBXContainerItemProxy section */

/* Begin PBXFileReference section */
		9236EA332D3F67CC00F9DD10 /* Frontend.app */ = {isa = PBXFileReference; explicitFileType = wrapper.application; includeInIndex = 0; path = Frontend.app; sourceTree = BUILT_PRODUCTS_DIR; };
		9236EA432D3F67CE00F9DD10 /* FrontendTests.xctest */ = {isa = PBXFileReference; explicitFileType = wrapper.cfbundle; includeInIndex = 0; path = FrontendTests.xctest; sourceTree = BUILT_PRODUCTS_DIR; };
		9236EA4D2D3F67CE00F9DD10 /* FrontendUITests.xctest */ = {isa = PBXFileReference; explicitFileType = wrapper.cfbundle; includeInIndex = 0; path = FrontendUITests.xctest; sourceTree = BUILT_PRODUCTS_DIR; };
/* End PBXFileReference section */

/* Begin PBXFileSystemSynchronizedRootGroup section */
		9236EA352D3F67CC00F9DD10 /* Frontend */ = {
			isa = PBXFileSystemSynchronizedRootGroup;
			path = Frontend;
			sourceTree = "<group>";
		};
		9236EA462D3F67CE00F9DD10 /* FrontendTests */ = {
			isa = PBXFileSystemSynchronizedRootGroup;
			path = FrontendTests;
			sourceTree = "<group>";
		};
		9236EA502D3F67CE00F9DD10 /* FrontendUITests */ = {
			isa = PBXFileSystemSynchronizedRootGroup;
			path = FrontendUITests;
			sourceTree = "<group>";
		};
/* End PBXFileSystemSynchronizedRootGroup section */

/* Begin PBXFrameworksBuildPhase section */
		9236EA302D3F67CC00F9DD10 /* Frameworks */ = {
			isa = PBXFrameworksBuildPhase;
			buildActionMask = 2147483647;
			files = (
			);
			runOnlyForDeploymentPostprocessing = 0;
		};
		9236EA402D3F67CE00F9DD10 /* Frameworks */ = {
			isa = PBXFrameworksBuildPhase;
			buildActionMask = 2147483647;
			files = (
			);
			runOnlyForDeploymentPostprocessing = 0;
		};
		9236EA4A2D3F67CE00F9DD10 /* Frameworks */ = {
			isa = PBXFrameworksBuildPhase;
			buildActionMask = 2147483647;
			files = (
			);
			runOnlyForDeploymentPostprocessing = 0;
		};
/* End PBXFrameworksBuildPhase section */

/* Begin PBXGroup section */
		9236EA2A2D3F67CC00F9DD10 = {
			isa = PBXGroup;
			children = (
				9236EA352D3F67CC00F9DD10 /* Frontend */,
				9236EA462D3F67CE00F9DD10 /* FrontendTests */,
				9236EA502D3F67CE00F9DD10 /* FrontendUITests */,
				9236EA342D3F67CC00F9DD10 /* Products */,
			);
			sourceTree = "<group>";
		};
		9236EA342D3F67CC00F9DD10 /* Products */ = {
			isa = PBXGroup;
			children = (
				9236EA332D3F67CC00F9DD10 /* Frontend.app */,
				9236EA432D3F67CE00F9DD10 /* FrontendTests.xctest */,
				9236EA4D2D3F67CE00F9DD10 /* FrontendUITests.xctest */,
			);
			name = Products;
			sourceTree = "<group>";
		};
/* End PBXGroup section */

/* Begin PBXNativeTarget section */
		9236EA322D3F67CC00F9DD10 /* Frontend */ = {
			isa = PBXNativeTarget;
			buildConfigurationList = 9236EA572D3F67CE00F9DD10 /* Build configuration list for PBXNativeTarget "Frontend" */;
			buildPhases = (
				9236EA2F2D3F67CC00F9DD10 /* Sources */,
				9236EA302D3F67CC00F9DD10 /* Frameworks */,
				9236EA312D3F67CC00F9DD10 /* Resources */,
			);
			buildRules = (
			);
			dependencies = (
			);
			fileSystemSynchronizedGroups = (
				9236EA352D3F67CC00F9DD10 /* Frontend */,
			);
			name = Frontend;
			packageProductDependencies = (
			);
			productName = Frontend;
			productReference = 9236EA332D3F67CC00F9DD10 /* Frontend.app */;
			productType = "com.apple.product-type.application";
		};
		9236EA422D3F67CE00F9DD10 /* FrontendTests */ = {
			isa = PBXNativeTarget;
			buildConfigurationList = 9236EA5A2D3F67CE00F9DD10 /* Build configuration list for PBXNativeTarget "FrontendTests" */;
			buildPhases = (
				9236EA3F2D3F67CE00F9DD10 /* Sources */,
				9236EA402D3F67CE00F9DD10 /* Frameworks */,
				9236EA412D3F67CE00F9DD10 /* Resources */,
			);
			buildRules = (
			);
			dependencies = (
				9236EA452D3F67CE00F9DD10 /* PBXTargetDependency */,
			);
			fileSystemSynchronizedGroups = (
				9236EA462D3F67CE00F9DD10 /* FrontendTests */,
			);
			name = FrontendTests;
			packageProductDependencies = (
			);
			productName = FrontendTests;
			productReference = 9236EA432D3F67CE00F9DD10 /* FrontendTests.xctest */;
			productType = "com.apple.product-type.bundle.unit-test";
		};
		9236EA4C2D3F67CE00F9DD10 /* FrontendUITests */ = {
			isa = PBXNativeTarget;
			buildConfigurationList = 9236EA5D2D3F67CE00F9DD10 /* Build configuration list for PBXNativeTarget "FrontendUITests" */;
			buildPhases = (
				9236EA492D3F67CE00F9DD10 /* Sources */,
				9236EA4A2D3F67CE00F9DD10 /* Frameworks */,
				9236EA4B2D3F67CE00F9DD10 /* Resources */,
			);
			buildRules = (
			);
			dependencies = (
				9236EA4F2D3F67CE00F9DD10 /* PBXTargetDependency */,
			);
			fileSystemSynchronizedGroups = (
				9236EA502D3F67CE00F9DD10 /* FrontendUITests */,
			);
			name = FrontendUITests;
			packageProductDependencies = (
			);
			productName = FrontendUITests;
			productReference = 9236EA4D2D3F67CE00F9DD10 /* FrontendUITests.xctest */;
			productType = "com.apple.product-type.bundle.ui-testing";
		};
/* End PBXNativeTarget section */

/* Begin PBXProject section */
		9236EA2B2D3F67CC00F9DD10 /* Project object */ = {
			isa = PBXProject;
			attributes = {
				BuildIndependentTargetsInParallel = 1;
				LastSwiftUpdateCheck = 1620;
				LastUpgradeCheck = 1620;
				TargetAttributes = {
					9236EA322D3F67CC00F9DD10 = {
						CreatedOnToolsVersion = 16.2;
					};
					9236EA422D3F67CE00F9DD10 = {
						CreatedOnToolsVersion = 16.2;
						TestTargetID = 9236EA322D3F67CC00F9DD10;
					};
					9236EA4C2D3F67CE00F9DD10 = {
						CreatedOnToolsVersion = 16.2;
						TestTargetID = 9236EA322D3F67CC00F9DD10;
					};
				};
			};
			buildConfigurationList = 9236EA2E2D3F67CC00F9DD10 /* Build configuration list for PBXProject "Frontend" */;
			developmentRegion = en;
			hasScannedForEncodings = 0;
			knownRegions = (
				en,
				Base,
			);
			mainGroup = 9236EA2A2D3F67CC00F9DD10;
			minimizedProjectReferenceProxies = 1;
			preferredProjectObjectVersion = 77;
			productRefGroup = 9236EA342D3F67CC00F9DD10 /* Products */;
			projectDirPath = "";
			projectRoot = "";
			targets = (
				9236EA322D3F67CC00F9DD10 /* Frontend */,
				9236EA422D3F67CE00F9DD10 /* FrontendTests */,
				9236EA4C2D3F67CE00F9DD10 /* FrontendUITests */,
			);
		};
/* End PBXProject section */

/* Begin PBXResourcesBuildPhase section */
		9236EA312D3F67CC00F9DD10 /* Resources */ = {
			isa = PBXResourcesBuildPhase;
			buildActionMask = 2147483647;
			files = (
			);
			runOnlyForDeploymentPostprocessing = 0;
		};
		9236EA412D3F67CE00F9DD10 /* Resources */ = {
			isa = PBXResourcesBuildPhase;
			buildActionMask = 2147483647;
			files = (
			);
			runOnlyForDeploymentPostprocessing = 0;
		};
		9236EA4B2D3F67CE00F9DD10 /* Resources */ = {
			isa = PBXResourcesBuildPhase;
			buildActionMask = 2147483647;
			files = (
			);
			runOnlyForDeploymentPostprocessing = 0;
		};
/* End PBXResourcesBuildPhase section */

/* Begin PBXSourcesBuildPhase section */
		9236EA2F2D3F67CC00F9DD10 /* Sources */ = {
			isa = PBXSourcesBuildPhase;
			buildActionMask = 2147483647;
			files = (
			);
			runOnlyForDeploymentPostprocessing = 0;
		};
		9236EA3F2D3F67CE00F9DD10 /* Sources */ = {
			isa = PBXSourcesBuildPhase;
			buildActionMask = 2147483647;
			files = (
			);
			runOnlyForDeploymentPostprocessing = 0;
		};
		9236EA492D3F67CE00F9DD10 /* Sources */ = {
			isa = PBXSourcesBuildPhase;
			buildActionMask = 2147483647;
			files = (
			);
			runOnlyForDeploymentPostprocessing = 0;
		};
/* End PBXSourcesBuildPhase section */

/* Begin PBXTargetDependency section */
		9236EA452D3F67CE00F9DD10 /* PBXTargetDependency */ = {
			isa = PBXTargetDependency;
			target = 9236EA322D3F67CC00F9DD10 /* Frontend */;
			targetProxy = 9236EA442D3F67CE00F9DD10 /* PBXContainerItemProxy */;
		};
		9236EA4F2D3F67CE00F9DD10 /* PBXTargetDependency */ = {
			isa = PBXTargetDependency;
			target = 9236EA322D3F67CC00F9DD10 /* Frontend */;
			targetProxy = 9236EA4E2D3F67CE00F9DD10 /* PBXContainerItemProxy */;
		};
/* End PBXTargetDependency section */

/* Begin XCBuildConfiguration section */
		9236EA552D3F67CE00F9DD10 /* Debug */ = {
			isa = XCBuildConfiguration;
			buildSettings = {
				ALWAYS_SEARCH_USER_PATHS = NO;
				ASSETCATALOG_COMPILER_GENERATE_SWIFT_ASSET_SYMBOL_EXTENSIONS = YES;
				CLANG_ANALYZER_NONNULL = YES;
				CLANG_ANALYZER_NUMBER_OBJECT_CONVERSION = YES_AGGRESSIVE;
				CLANG_CXX_LANGUAGE_STANDARD = "gnu++20";
				CLANG_ENABLE_MODULES = YES;
				CLANG_ENABLE_OBJC_ARC = YES;
				CLANG_ENABLE_OBJC_WEAK = YES;
				CLANG_WARN_BLOCK_CAPTURE_AUTORELEASING = YES;
				CLANG_WARN_BOOL_CONVERSION = YES;
				CLANG_WARN_COMMA = YES;
				CLANG_WARN_CONSTANT_CONVERSION = YES;
				CLANG_WARN_DEPRECATED_OBJC_IMPLEMENTATIONS = YES;
				CLANG_WARN_DIRECT_OBJC_ISA_USAGE = YES_ERROR;
				CLANG_WARN_DOCUMENTATION_COMMENTS = YES;
				CLANG_WARN_EMPTY_BODY = YES;
				CLANG_WARN_ENUM_CONVERSION = YES;
				CLANG_WARN_INFINITE_RECURSION = YES;
				CLANG_WARN_INT_CONVERSION = YES;
				CLANG_WARN_NON_LITERAL_NULL_CONVERSION = YES;
				CLANG_WARN_OBJC_IMPLICIT_RETAIN_SELF = YES;
				CLANG_WARN_OBJC_LITERAL_CONVERSION = YES;
				CLANG_WARN_OBJC_ROOT_CLASS = YES_ERROR;
				CLANG_WARN_QUOTED_INCLUDE_IN_FRAMEWORK_HEADER = YES;
				CLANG_WARN_RANGE_LOOP_ANALYSIS = YES;
				CLANG_WARN_STRICT_PROTOTYPES = YES;
				CLANG_WARN_SUSPICIOUS_MOVE = YES;
				CLANG_WARN_UNGUARDED_AVAILABILITY = YES_AGGRESSIVE;
				CLANG_WARN_UNREACHABLE_CODE = YES;
				CLANG_WARN__DUPLICATE_METHOD_MATCH = YES;
				COPY_PHASE_STRIP = NO;
				DEBUG_INFORMATION_FORMAT = dwarf;
				ENABLE_STRICT_OBJC_MSGSEND = YES;
				ENABLE_TESTABILITY = YES;
				ENABLE_USER_SCRIPT_SANDBOXING = YES;
				GCC_C_LANGUAGE_STANDARD = gnu17;
				GCC_DYNAMIC_NO_PIC = NO;
				GCC_NO_COMMON_BLOCKS = YES;
				GCC_OPTIMIZATION_LEVEL = 0;
				GCC_PREPROCESSOR_DEFINITIONS = (
					"DEBUG=1",
					"$(inherited)",
				);
				GCC_WARN_64_TO_32_BIT_CONVERSION = YES;
				GCC_WARN_ABOUT_RETURN_TYPE = YES_ERROR;
				GCC_WARN_UNDECLARED_SELECTOR = YES;
				GCC_WARN_UNINITIALIZED_AUTOS = YES_AGGRESSIVE;
				GCC_WARN_UNUSED_FUNCTION = YES;
				GCC_WARN_UNUSED_VARIABLE = YES;
				IPHONEOS_DEPLOYMENT_TARGET = 18.2;
				LOCALIZATION_PREFERS_STRING_CATALOGS = YES;
				MTL_ENABLE_DEBUG_INFO = INCLUDE_SOURCE;
				MTL_FAST_MATH = YES;
				ONLY_ACTIVE_ARCH = YES;
				SDKROOT = iphoneos;
				SWIFT_ACTIVE_COMPILATION_CONDITIONS = "DEBUG $(inherited)";
				SWIFT_OPTIMIZATION_LEVEL = "-Onone";
			};
			name = Debug;
		};
		9236EA562D3F67CE00F9DD10 /* Release */ = {
			isa = XCBuildConfiguration;
			buildSettings = {
				ALWAYS_SEARCH_USER_PATHS = NO;
				ASSETCATALOG_COMPILER_GENERATE_SWIFT_ASSET_SYMBOL_EXTENSIONS = YES;
				CLANG_ANALYZER_NONNULL = YES;
				CLANG_ANALYZER_NUMBER_OBJECT_CONVERSION = YES_AGGRESSIVE;
				CLANG_CXX_LANGUAGE_STANDARD = "gnu++20";
				CLANG_ENABLE_MODULES = YES;
				CLANG_ENABLE_OBJC_ARC = YES;
				CLANG_ENABLE_OBJC_WEAK = YES;
				CLANG_WARN_BLOCK_CAPTURE_AUTORELEASING = YES;
				CLANG_WARN_BOOL_CONVERSION = YES;
				CLANG_WARN_COMMA = YES;
				CLANG_WARN_CONSTANT_CONVERSION = YES;
				CLANG_WARN_DEPRECATED_OBJC_IMPLEMENTATIONS = YES;
				CLANG_WARN_DIRECT_OBJC_ISA_USAGE = YES_ERROR;
				CLANG_WARN_DOCUMENTATION_COMMENTS = YES;
				CLANG_WARN_EMPTY_BODY = YES;
				CLANG_WARN_ENUM_CONVERSION = YES;
				CLANG_WARN_INFINITE_RECURSION = YES;
				CLANG_WARN_INT_CONVERSION = YES;
				CLANG_WARN_NON_LITERAL_NULL_CONVERSION = YES;
				CLANG_WARN_OBJC_IMPLICIT_RETAIN_SELF = YES;
				CLANG_WARN_OBJC_LITERAL_CONVERSION = YES;
				CLANG_WARN_OBJC_ROOT_CLASS = YES_ERROR;
				CLANG_WARN_QUOTED_INCLUDE_IN_FRAMEWORK_HEADER = YES;
				CLANG_WARN_RANGE_LOOP_ANALYSIS = YES;
				CLANG_WARN_STRICT_PROTOTYPES = YES;
				CLANG_WARN_SUSPICIOUS_MOVE = YES;
				CLANG_WARN_UNGUARDED_AVAILABILITY = YES_AGGRESSIVE;
				CLANG_WARN_UNREACHABLE_CODE = YES;
				CLANG_WARN__DUPLICATE_METHOD_MATCH = YES;
				COPY_PHASE_STRIP = NO;
				DEBUG_INFORMATION_FORMAT = "dwarf-with-dsym";
				ENABLE_NS_ASSERTIONS = NO;
				ENABLE_STRICT_OBJC_MSGSEND = YES;
				ENABLE_USER_SCRIPT_SANDBOXING = YES;
				GCC_C_LANGUAGE_STANDARD = gnu17;
				GCC_NO_COMMON_BLOCKS = YES;
				GCC_WARN_64_TO_32_BIT_CONVERSION = YES;
				GCC_WARN_ABOUT_RETURN_TYPE = YES_ERROR;
				GCC_WARN_UNDECLARED_SELECTOR = YES;
				GCC_WARN_UNINITIALIZED_AUTOS = YES_AGGRESSIVE;
				GCC_WARN_UNUSED_FUNCTION = YES;
				GCC_WARN_UNUSED_VARIABLE = YES;
				IPHONEOS_DEPLOYMENT_TARGET = 18.2;
				LOCALIZATION_PREFERS_STRING_CATALOGS = YES;
				MTL_ENABLE_DEBUG_INFO = NO;
				MTL_FAST_MATH = YES;
				SDKROOT = iphoneos;
				SWIFT_COMPILATION_MODE = wholemodule;
				VALIDATE_PRODUCT = YES;
			};
			name = Release;
		};
		9236EA582D3F67CE00F9DD10 /* Debug */ = {
			isa = XCBuildConfiguration;
			buildSettings = {
				ASSETCATALOG_COMPILER_APPICON_NAME = AppIcon;
				ASSETCATALOG_COMPILER_GLOBAL_ACCENT_COLOR_NAME = AccentColor;
				CODE_SIGN_STYLE = Automatic;
				CURRENT_PROJECT_VERSION = 1;
				DEVELOPMENT_ASSET_PATHS = "\"Frontend/Preview Content\"";
				DEVELOPMENT_TEAM = 28MA96K255;
				ENABLE_PREVIEWS = YES;
				GENERATE_INFOPLIST_FILE = YES;
				INFOPLIST_KEY_UIApplicationSceneManifest_Generation = YES;
				INFOPLIST_KEY_UIApplicationSupportsIndirectInputEvents = YES;
				INFOPLIST_KEY_UILaunchScreen_Generation = YES;
				INFOPLIST_KEY_UISupportedInterfaceOrientations_iPad = "UIInterfaceOrientationPortrait UIInterfaceOrientationPortraitUpsideDown UIInterfaceOrientationLandscapeLeft UIInterfaceOrientationLandscapeRight";
				INFOPLIST_KEY_UISupportedInterfaceOrientations_iPhone = "UIInterfaceOrientationPortrait UIInterfaceOrientationLandscapeLeft UIInterfaceOrientationLandscapeRight";
				LD_RUNPATH_SEARCH_PATHS = (
					"$(inherited)",
					"@executable_path/Frameworks",
				);
				MARKETING_VERSION = 1.0;
				PRODUCT_BUNDLE_IDENTIFIER = com.aryanmathur.Frontend;
				PRODUCT_NAME = "$(TARGET_NAME)";
				SWIFT_EMIT_LOC_STRINGS = YES;
				SWIFT_VERSION = 5.0;
				TARGETED_DEVICE_FAMILY = "1,2";
			};
			name = Debug;
		};
		9236EA592D3F67CE00F9DD10 /* Release */ = {
			isa = XCBuildConfiguration;
			buildSettings = {
				ASSETCATALOG_COMPILER_APPICON_NAME = AppIcon;
				ASSETCATALOG_COMPILER_GLOBAL_ACCENT_COLOR_NAME = AccentColor;
				CODE_SIGN_STYLE = Automatic;
				CURRENT_PROJECT_VERSION = 1;
				DEVELOPMENT_ASSET_PATHS = "\"Frontend/Preview Content\"";
				DEVELOPMENT_TEAM = 28MA96K255;
				ENABLE_PREVIEWS = YES;
				GENERATE_INFOPLIST_FILE = YES;
				INFOPLIST_KEY_UIApplicationSceneManifest_Generation = YES;
				INFOPLIST_KEY_UIApplicationSupportsIndirectInputEvents = YES;
				INFOPLIST_KEY_UILaunchScreen_Generation = YES;
				INFOPLIST_KEY_UISupportedInterfaceOrientations_iPad = "UIInterfaceOrientationPortrait UIInterfaceOrientationPortraitUpsideDown UIInterfaceOrientationLandscapeLeft UIInterfaceOrientationLandscapeRight";
				INFOPLIST_KEY_UISupportedInterfaceOrientations_iPhone = "UIInterfaceOrientationPortrait UIInterfaceOrientationLandscapeLeft UIInterfaceOrientationLandscapeRight";
				LD_RUNPATH_SEARCH_PATHS = (
					"$(inherited)",
					"@executable_path/Frameworks",
				);
				MARKETING_VERSION = 1.0;
				PRODUCT_BUNDLE_IDENTIFIER = com.aryanmathur.Frontend;
				PRODUCT_NAME = "$(TARGET_NAME)";
				SWIFT_EMIT_LOC_STRINGS = YES;
				SWIFT_VERSION = 5.0;
				TARGETED_DEVICE_FAMILY = "1,2";
			};
			name = Release;
		};
		9236EA5B2D3F67CE00F9DD10 /* Debug */ = {
			isa = XCBuildConfiguration;
			buildSettings = {
				BUNDLE_LOADER = "$(TEST_HOST)";
				CODE_SIGN_STYLE = Automatic;
				CURRENT_PROJECT_VERSION = 1;
				DEVELOPMENT_TEAM = 28MA96K255;
				GENERATE_INFOPLIST_FILE = YES;
				IPHONEOS_DEPLOYMENT_TARGET = 18.2;
				MARKETING_VERSION = 1.0;
				PRODUCT_BUNDLE_IDENTIFIER = com.aryanmathur.FrontendTests;
				PRODUCT_NAME = "$(TARGET_NAME)";
				SWIFT_EMIT_LOC_STRINGS = NO;
				SWIFT_VERSION = 5.0;
				TARGETED_DEVICE_FAMILY = "1,2";
				TEST_HOST = "$(BUILT_PRODUCTS_DIR)/Frontend.app/$(BUNDLE_EXECUTABLE_FOLDER_PATH)/Frontend";
			};
			name = Debug;
		};
		9236EA5C2D3F67CE00F9DD10 /* Release */ = {
			isa = XCBuildConfiguration;
			buildSettings = {
				BUNDLE_LOADER = "$(TEST_HOST)";
				CODE_SIGN_STYLE = Automatic;
				CURRENT_PROJECT_VERSION = 1;
				DEVELOPMENT_TEAM = 28MA96K255;
				GENERATE_INFOPLIST_FILE = YES;
				IPHONEOS_DEPLOYMENT_TARGET = 18.2;
				MARKETING_VERSION = 1.0;
				PRODUCT_BUNDLE_IDENTIFIER = com.aryanmathur.FrontendTests;
				PRODUCT_NAME = "$(TARGET_NAME)";
				SWIFT_EMIT_LOC_STRINGS = NO;
				SWIFT_VERSION = 5.0;
				TARGETED_DEVICE_FAMILY = "1,2";
				TEST_HOST = "$(BUILT_PRODUCTS_DIR)/Frontend.app/$(BUNDLE_EXECUTABLE_FOLDER_PATH)/Frontend";
			};
			name = Release;
		};
		9236EA5E2D3F67CE00F9DD10 /* Debug */ = {
			isa = XCBuildConfiguration;
			buildSettings = {
				CODE_SIGN_STYLE = Automatic;
				CURRENT_PROJECT_VERSION = 1;
				DEVELOPMENT_TEAM = 28MA96K255;
				GENERATE_INFOPLIST_FILE = YES;
				MARKETING_VERSION = 1.0;
				PRODUCT_BUNDLE_IDENTIFIER = com.aryanmathur.FrontendUITests;
				PRODUCT_NAME = "$(TARGET_NAME)";
				SWIFT_EMIT_LOC_STRINGS = NO;
				SWIFT_VERSION = 5.0;
				TARGETED_DEVICE_FAMILY = "1,2";
				TEST_TARGET_NAME = Frontend;
			};
			name = Debug;
		};
		9236EA5F2D3F67CE00F9DD10 /* Release */ = {
			isa = XCBuildConfiguration;
			buildSettings = {
				CODE_SIGN_STYLE = Automatic;
				CURRENT_PROJECT_VERSION = 1;
				DEVELOPMENT_TEAM = 28MA96K255;
				GENERATE_INFOPLIST_FILE = YES;
				MARKETING_VERSION = 1.0;
				PRODUCT_BUNDLE_IDENTIFIER = com.aryanmathur.FrontendUITests;
				PRODUCT_NAME = "$(TARGET_NAME)";
				SWIFT_EMIT_LOC_STRINGS = NO;
				SWIFT_VERSION = 5.0;
				TARGETED_DEVICE_FAMILY = "1,2";
				TEST_TARGET_NAME = Frontend;
			};
			name = Release;
		};
/* End XCBuildConfiguration section */

/* Begin XCConfigurationList section */
		9236EA2E2D3F67CC00F9DD10 /* Build configuration list for PBXProject "Frontend" */ = {
			isa = XCConfigurationList;
			buildConfigurations = (
				9236EA552D3F67CE00F9DD10 /* Debug */,
				9236EA562D3F67CE00F9DD10 /* Release */,
			);
			defaultConfigurationIsVisible = 0;
			defaultConfigurationName = Release;
		};
		9236EA572D3F67CE00F9DD10 /* Build configuration list for PBXNativeTarget "Frontend" */ = {
			isa = XCConfigurationList;
			buildConfigurations = (
				9236EA582D3F67CE00F9DD10 /* Debug */,
				9236EA592D3F67CE00F9DD10 /* Release */,
			);
			defaultConfigurationIsVisible = 0;
			defaultConfigurationName = Release;
		};
		9236EA5A2D3F67CE00F9DD10 /* Build configuration list for PBXNativeTarget "FrontendTests" */ = {
			isa = XCConfigurationList;
			buildConfigurations = (
				9236EA5B2D3F67CE00F9DD10 /* Debug */,
				9236EA5C2D3F67CE00F9DD10 /* Release */,
			);
			defaultConfigurationIsVisible = 0;
			defaultConfigurationName = Release;
		};
		9236EA5D2D3F67CE00F9DD10 /* Build configuration list for PBXNativeTarget "FrontendUITests" */ = {
			isa = XCConfigurationList;
			buildConfigurations = (
				9236EA5E2D3F67CE00F9DD10 /* Debug */,
				9236EA5F2D3F67CE00F9DD10 /* Release */,
			);
			defaultConfigurationIsVisible = 0;
			defaultConfigurationName = Release;
		};
/* End XCConfigurationList section */
	};
	rootObject = 9236EA2B2D3F67CC00F9DD10 /* Project object */;
}
